
Microsoft Visual Studio Solution File, Format Version 12.00
# Visual Studio Version 17
VisualStudioVersion = 17.3.32819.101
MinimumVisualStudioVersion = 10.0.40219.1
Project("{FAE04EC0-301F-11D3-BF4B-00C04F79EFBC}") = "Tanks", "WOT\Tanks.csproj", "{237D147B-C88F-4F64-8293-60C594075682}"
EndProject
Project("{FAE04EC0-301F-11D3-BF4B-00C04F79EFBC}") = "MyClassLib", "MyClassLib\MyClassLib.csproj", "{91427203-4033-439F-B740-9D38C86ACA6F}"
EndProject
Global
	GlobalSection(SolutionConfigurationPlatforms) = preSolution
		Debug|Any CPU = Debug|Any CPU
		Release|Any CPU = Release|Any CPU
	EndGlobalSection
	GlobalSection(ProjectConfigurationPlatforms) = postSolution
		{237D147B-C88F-4F64-8293-60C594075682}.Debug|Any CPU.ActiveCfg = Debug|Any CPU
		{237D147B-C88F-4F64-8293-60C594075682}.Debug|Any CPU.Build.0 = Debug|Any CPU
		{237D147B-C88F-4F64-8293-60C594075682}.Release|Any CPU.ActiveCfg = Release|Any CPU
		{237D147B-C88F-4F64-8293-60C594075682}.Release|Any CPU.Build.0 = Release|Any CPU
		{91427203-4033-439F-B740-9D38C86ACA6F}.Debug|Any CPU.ActiveCfg = Debug|Any CPU
		{91427203-4033-439F-B740-9D38C86ACA6F}.Debug|Any CPU.Build.0 = Debug|Any CPU
		{91427203-4033-439F-B740-9D38C86ACA6F}.Release|Any CPU.ActiveCfg = Release|Any CPU
		{91427203-4033-439F-B740-9D38C86ACA6F}.Release|Any CPU.Build.0 = Release|Any CPU
	EndGlobalSection
	GlobalSection(SolutionProperties) = preSolution
		HideSolutionNode = FALSE
	EndGlobalSection
	GlobalSection(ExtensibilityGlobals) = postSolution
		SolutionGuid = {B051B1B4-90BF-4282-B75B-C24E742D533C}
	EndGlobalSection
EndGlobal
